
Microsoft Visual Studio Solution File, Format Version 12.00
# Visual Studio 15
VisualStudioVersion = 15.0.28307.489
MinimumVisualStudioVersion = 10.0.40219.1
Project("{FAE04EC0-301F-11D3-BF4B-00C04F79EFBC}") = "tip4trip_2", "tip4trip_2\tip4trip_2.csproj", "{6DCE9E06-780E-45C8-B81A-5688545F952C}"
EndProject
Global
	GlobalSection(SolutionConfigurationPlatforms) = preSolution
		Debug|Any CPU = Debug|Any CPU
		Release|Any CPU = Release|Any CPU
	EndGlobalSection
	GlobalSection(ProjectConfigurationPlatforms) = postSolution
		{6DCE9E06-780E-45C8-B81A-5688545F952C}.Debug|Any CPU.ActiveCfg = Debug|Any CPU
		{6DCE9E06-780E-45C8-B81A-5688545F952C}.Debug|Any CPU.Build.0 = Debug|Any CPU
		{6DCE9E06-780E-45C8-B81A-5688545F952C}.Release|Any CPU.ActiveCfg = Release|Any CPU
		{6DCE9E06-780E-45C8-B81A-5688545F952C}.Release|Any CPU.Build.0 = Release|Any CPU
	EndGlobalSection
	GlobalSection(SolutionProperties) = preSolution
		HideSolutionNode = FALSE
	EndGlobalSection
	GlobalSection(ExtensibilityGlobals) = postSolution
		SolutionGuid = {E6ADCD87-338B-4480-ABBB-EC4A09367D0D}
	EndGlobalSection
EndGlobal
